Microsoft Visual Studio Solution File, Format Version 12.00
# Visual Studio Version 17
VisualStudioVersion = 17.5.2.0
MinimumVisualStudioVersion = 10.0.40219.1
Project("{FAE04EC0-301F-11D3-BF4B-00C04F79EFBC}") = "MesApiTooCheck", "MesApiTooCheck\MesApiTooCheck.csproj", "{CDE95566-EA6A-A241-5C0A-0FDAF01FFC61}"
EndProject
Global
	GlobalSection(SolutionConfigurationPlatforms) = preSolution
		Debug|Any CPU = Debug|Any CPU
		Release|Any CPU = Release|Any CPU
	EndGlobalSection
	GlobalSection(ProjectConfigurationPlatforms) = postSolution
		{CDE95566-EA6A-A241-5C0A-0FDAF01FFC61}.Debug|Any CPU.ActiveCfg = Debug|Any CPU
		{CDE95566-EA6A-A241-5C0A-0FDAF01FFC61}.Debug|Any CPU.Build.0 = Debug|Any CPU
		{CDE95566-EA6A-A241-5C0A-0FDAF01FFC61}.Release|Any CPU.ActiveCfg = Release|Any CPU
		{CDE95566-EA6A-A241-5C0A-0FDAF01FFC61}.Release|Any CPU.Build.0 = Release|Any CPU
	EndGlobalSection
	GlobalSection(SolutionProperties) = preSolution
		HideSolutionNode = FALSE
	EndGlobalSection
	GlobalSection(ExtensibilityGlobals) = postSolution
		SolutionGuid = {F0E9D863-8C28-4204-99EA-24AF02D11F00}
	EndGlobalSection
EndGlobal
